
Microsoft Visual Studio Solution File, Format Version 12.00
# Visual Studio Version 17
VisualStudioVersion = 17.9.34728.123
MinimumVisualStudioVersion = 10.0.40219.1
Project("{FAE04EC0-301F-11D3-BF4B-00C04F79EFBC}") = "juniorpathtaslak4", "juniorpathtaslak4\juniorpathtaslak4.csproj", "{AC32865F-ACA5-449A-8F04-11FEC0353E26}"
EndProject
Global
	GlobalSection(SolutionConfigurationPlatforms) = preSolution
		Debug|Any CPU = Debug|Any CPU
		Release|Any CPU = Release|Any CPU
	EndGlobalSection
	GlobalSection(ProjectConfigurationPlatforms) = postSolution
		{AC32865F-ACA5-449A-8F04-11FEC0353E26}.Debug|Any CPU.ActiveCfg = Debug|Any CPU
		{AC32865F-ACA5-449A-8F04-11FEC0353E26}.Debug|Any CPU.Build.0 = Debug|Any CPU
		{AC32865F-ACA5-449A-8F04-11FEC0353E26}.Release|Any CPU.ActiveCfg = Release|Any CPU
		{AC32865F-ACA5-449A-8F04-11FEC0353E26}.Release|Any CPU.Build.0 = Release|Any CPU
	EndGlobalSection
	GlobalSection(SolutionProperties) = preSolution
		HideSolutionNode = FALSE
	EndGlobalSection
	GlobalSection(ExtensibilityGlobals) = postSolution
		SolutionGuid = {151C9967-4ECC-4DB0-844B-A7C877E695D3}
	EndGlobalSection
EndGlobal
